
Microsoft Visual Studio Solution File, Format Version 12.00
# Visual Studio Version 16
VisualStudioVersion = 16.0.30114.105
MinimumVisualStudioVersion = 10.0.40219.1
Project("{2150E333-8FDC-42A3-9474-1A3956D46DE8}") = "3-Domain", "3-Domain", "{4C833FC1-5620-48B5-8595-2F9F08039365}"
EndProject
Project("{FAE04EC0-301F-11D3-BF4B-00C04F79EFBC}") = "Desafio.Domain", "3-Domain\Desafio.Domain\Desafio.Domain.csproj", "{19029F1F-F25D-4259-B62D-C660E60E3125}"
EndProject
Project("{2150E333-8FDC-42A3-9474-1A3956D46DE8}") = "4-infra", "4-infra", "{7A9A7824-1575-4982-89E3-EA438731A633}"
EndProject
Project("{2150E333-8FDC-42A3-9474-1A3956D46DE8}") = "4.1-Data", "4.1-Data", "{6761987A-48EC-4264-A357-C59F4040D2BC}"
EndProject
Project("{FAE04EC0-301F-11D3-BF4B-00C04F79EFBC}") = "Desafio.Data", "4-infra\4.1-Data\Desafio.Data\Desafio.Data.csproj", "{91DB7916-1A2F-48DD-80ED-D95B7CA68EB1}"
EndProject
Project("{2150E333-8FDC-42A3-9474-1A3956D46DE8}") = "4.2-CrossCuting", "4.2-CrossCuting", "{4523309E-829C-4636-8C2A-2D470356D838}"
EndProject
Project("{FAE04EC0-301F-11D3-BF4B-00C04F79EFBC}") = "Desafio.infra.IoC", "4-infra\4.2-CrossCuting\Desafio.infra.IoC\Desafio.infra.IoC.csproj", "{6AB04771-2947-4C0B-A149-C2481CFFE54C}"
EndProject
Project("{FAE04EC0-301F-11D3-BF4B-00C04F79EFBC}") = "Desafio.Domain.Test", "3-Domain\Desafio.Domain.Test\Desafio.Domain.Test.csproj", "{B6564C49-54DD-4E97-B47E-8FEF943FAAFB}"
EndProject
Project("{2150E333-8FDC-42A3-9474-1A3956D46DE8}") = "1-Presentation", "1-Presentation", "{4E727329-958F-42EE-B252-A709E7445E56}"
EndProject
Project("{FAE04EC0-301F-11D3-BF4B-00C04F79EFBC}") = "Desafio.Presentation.MVC", "1-Presentation\Desafio.Presentation.MVC\Desafio.Presentation.MVC.csproj", "{EDBFF3EB-7B65-4E2E-9564-473F8375AC78}"
EndProject
Project("{FAE04EC0-301F-11D3-BF4B-00C04F79EFBC}") = "Desafio.Presentation.API", "1-Presentation\Desafio.Presentation.API\Desafio.Presentation.API.csproj", "{6ABA7E7C-A8B3-415F-972E-819D38426B8A}"
EndProject
Project("{2150E333-8FDC-42A3-9474-1A3956D46DE8}") = "2-Application", "2-Application", "{55125926-F4B7-4002-8FEB-2B159D42BE2C}"
EndProject
Project("{FAE04EC0-301F-11D3-BF4B-00C04F79EFBC}") = "Desafio.Application", "2-Application\Desafio.Application\Desafio.Application.csproj", "{A4D7AA55-6328-4AA3-947B-DDBA66C8BD2F}"
EndProject
Global
	GlobalSection(SolutionProperties) = preSolution
		HideSolutionNode = FALSE
	EndGlobalSection
	GlobalSection(SolutionConfigurationPlatforms) = preSolution
		Debug|Any CPU = Debug|Any CPU
		Debug|x64 = Debug|x64
		Debug|x86 = Debug|x86
		Release|Any CPU = Release|Any CPU
		Release|x64 = Release|x64
		Release|x86 = Release|x86
	EndGlobalSection
	GlobalSection(ProjectConfigurationPlatforms) = postSolution
		{19029F1F-F25D-4259-B62D-C660E60E3125}.Debug|Any CPU.ActiveCfg = Debug|Any CPU
		{19029F1F-F25D-4259-B62D-C660E60E3125}.Debug|Any CPU.Build.0 = Debug|Any CPU
		{19029F1F-F25D-4259-B62D-C660E60E3125}.Debug|x64.ActiveCfg = Debug|Any CPU
		{19029F1F-F25D-4259-B62D-C660E60E3125}.Debug|x64.Build.0 = Debug|Any CPU
		{19029F1F-F25D-4259-B62D-C660E60E3125}.Debug|x86.ActiveCfg = Debug|Any CPU
		{19029F1F-F25D-4259-B62D-C660E60E3125}.Debug|x86.Build.0 = Debug|Any CPU
		{19029F1F-F25D-4259-B62D-C660E60E3125}.Release|Any CPU.ActiveCfg = Release|Any CPU
		{19029F1F-F25D-4259-B62D-C660E60E3125}.Release|Any CPU.Build.0 = Release|Any CPU
		{19029F1F-F25D-4259-B62D-C660E60E3125}.Release|x64.ActiveCfg = Release|Any CPU
		{19029F1F-F25D-4259-B62D-C660E60E3125}.Release|x64.Build.0 = Release|Any CPU
		{19029F1F-F25D-4259-B62D-C660E60E3125}.Release|x86.ActiveCfg = Release|Any CPU
		{19029F1F-F25D-4259-B62D-C660E60E3125}.Release|x86.Build.0 = Release|Any CPU
		{91DB7916-1A2F-48DD-80ED-D95B7CA68EB1}.Debug|Any CPU.ActiveCfg = Debug|Any CPU
		{91DB7916-1A2F-48DD-80ED-D95B7CA68EB1}.Debug|Any CPU.Build.0 = Debug|Any CPU
		{91DB7916-1A2F-48DD-80ED-D95B7CA68EB1}.Debug|x64.ActiveCfg = Debug|Any CPU
		{91DB7916-1A2F-48DD-80ED-D95B7CA68EB1}.Debug|x64.Build.0 = Debug|Any CPU
		{91DB7916-1A2F-48DD-80ED-D95B7CA68EB1}.Debug|x86.ActiveCfg = Debug|Any CPU
		{91DB7916-1A2F-48DD-80ED-D95B7CA68EB1}.Debug|x86.Build.0 = Debug|Any CPU
		{91DB7916-1A2F-48DD-80ED-D95B7CA68EB1}.Release|Any CPU.ActiveCfg = Release|Any CPU
		{91DB7916-1A2F-48DD-80ED-D95B7CA68EB1}.Release|Any CPU.Build.0 = Release|Any CPU
		{91DB7916-1A2F-48DD-80ED-D95B7CA68EB1}.Release|x64.ActiveCfg = Release|Any CPU
		{91DB7916-1A2F-48DD-80ED-D95B7CA68EB1}.Release|x64.Build.0 = Release|Any CPU
		{91DB7916-1A2F-48DD-80ED-D95B7CA68EB1}.Release|x86.ActiveCfg = Release|Any CPU
		{91DB7916-1A2F-48DD-80ED-D95B7CA68EB1}.Release|x86.Build.0 = Release|Any CPU
		{6AB04771-2947-4C0B-A149-C2481CFFE54C}.Debug|Any CPU.ActiveCfg = Debug|Any CPU
		{6AB04771-2947-4C0B-A149-C2481CFFE54C}.Debug|Any CPU.Build.0 = Debug|Any CPU
		{6AB04771-2947-4C0B-A149-C2481CFFE54C}.Debug|x64.ActiveCfg = Debug|Any CPU
		{6AB04771-2947-4C0B-A149-C2481CFFE54C}.Debug|x64.Build.0 = Debug|Any CPU
		{6AB04771-2947-4C0B-A149-C2481CFFE54C}.Debug|x86.ActiveCfg = Debug|Any CPU
		{6AB04771-2947-4C0B-A149-C2481CFFE54C}.Debug|x86.Build.0 = Debug|Any CPU
		{6AB04771-2947-4C0B-A149-C2481CFFE54C}.Release|Any CPU.ActiveCfg = Release|Any CPU
		{6AB04771-2947-4C0B-A149-C2481CFFE54C}.Release|Any CPU.Build.0 = Release|Any CPU
		{6AB04771-2947-4C0B-A149-C2481CFFE54C}.Release|x64.ActiveCfg = Release|Any CPU
		{6AB04771-2947-4C0B-A149-C2481CFFE54C}.Release|x64.Build.0 = Release|Any CPU
		{6AB04771-2947-4C0B-A149-C2481CFFE54C}.Release|x86.ActiveCfg = Release|Any CPU
		{6AB04771-2947-4C0B-A149-C2481CFFE54C}.Release|x86.Build.0 = Release|Any CPU
		{B6564C49-54DD-4E97-B47E-8FEF943FAAFB}.Debug|Any CPU.ActiveCfg = Debug|Any CPU
		{B6564C49-54DD-4E97-B47E-8FEF943FAAFB}.Debug|Any CPU.Build.0 = Debug|Any CPU
		{B6564C49-54DD-4E97-B47E-8FEF943FAAFB}.Debug|x64.ActiveCfg = Debug|Any CPU
		{B6564C49-54DD-4E97-B47E-8FEF943FAAFB}.Debug|x64.Build.0 = Debug|Any CPU
		{B6564C49-54DD-4E97-B47E-8FEF943FAAFB}.Debug|x86.ActiveCfg = Debug|Any CPU
		{B6564C49-54DD-4E97-B47E-8FEF943FAAFB}.Debug|x86.Build.0 = Debug|Any CPU
		{B6564C49-54DD-4E97-B47E-8FEF943FAAFB}.Release|Any CPU.ActiveCfg = Release|Any CPU
		{B6564C49-54DD-4E97-B47E-8FEF943FAAFB}.Release|Any CPU.Build.0 = Release|Any CPU
		{B6564C49-54DD-4E97-B47E-8FEF943FAAFB}.Release|x64.ActiveCfg = Release|Any CPU
		{B6564C49-54DD-4E97-B47E-8FEF943FAAFB}.Release|x64.Build.0 = Release|Any CPU
		{B6564C49-54DD-4E97-B47E-8FEF943FAAFB}.Release|x86.ActiveCfg = Release|Any CPU
		{B6564C49-54DD-4E97-B47E-8FEF943FAAFB}.Release|x86.Build.0 = Release|Any CPU
		{EDBFF3EB-7B65-4E2E-9564-473F8375AC78}.Debug|Any CPU.ActiveCfg = Debug|Any CPU
		{EDBFF3EB-7B65-4E2E-9564-473F8375AC78}.Debug|Any CPU.Build.0 = Debug|Any CPU
		{EDBFF3EB-7B65-4E2E-9564-473F8375AC78}.Debug|x64.ActiveCfg = Debug|Any CPU
		{EDBFF3EB-7B65-4E2E-9564-473F8375AC78}.Debug|x64.Build.0 = Debug|Any CPU
		{EDBFF3EB-7B65-4E2E-9564-473F8375AC78}.Debug|x86.ActiveCfg = Debug|Any CPU
		{EDBFF3EB-7B65-4E2E-9564-473F8375AC78}.Debug|x86.Build.0 = Debug|Any CPU
		{EDBFF3EB-7B65-4E2E-9564-473F8375AC78}.Release|Any CPU.ActiveCfg = Release|Any CPU
		{EDBFF3EB-7B65-4E2E-9564-473F8375AC78}.Release|Any CPU.Build.0 = Release|Any CPU
		{EDBFF3EB-7B65-4E2E-9564-473F8375AC78}.Release|x64.ActiveCfg = Release|Any CPU
		{EDBFF3EB-7B65-4E2E-9564-473F8375AC78}.Release|x64.Build.0 = Release|Any CPU
		{EDBFF3EB-7B65-4E2E-9564-473F8375AC78}.Release|x86.ActiveCfg = Release|Any CPU
		{EDBFF3EB-7B65-4E2E-9564-473F8375AC78}.Release|x86.Build.0 = Release|Any CPU
		{6ABA7E7C-A8B3-415F-972E-819D38426B8A}.Debug|Any CPU.ActiveCfg = Debug|Any CPU
		{6ABA7E7C-A8B3-415F-972E-819D38426B8A}.Debug|Any CPU.Build.0 = Debug|Any CPU
		{6ABA7E7C-A8B3-415F-972E-819D38426B8A}.Debug|x64.ActiveCfg = Debug|Any CPU
		{6ABA7E7C-A8B3-415F-972E-819D38426B8A}.Debug|x64.Build.0 = Debug|Any CPU
		{6ABA7E7C-A8B3-415F-972E-819D38426B8A}.Debug|x86.ActiveCfg = Debug|Any CPU
		{6ABA7E7C-A8B3-415F-972E-819D38426B8A}.Debug|x86.Build.0 = Debug|Any CPU
		{6ABA7E7C-A8B3-415F-972E-819D38426B8A}.Release|Any CPU.ActiveCfg = Release|Any CPU
		{6ABA7E7C-A8B3-415F-972E-819D38426B8A}.Release|Any CPU.Build.0 = Release|Any CPU
		{6ABA7E7C-A8B3-415F-972E-819D38426B8A}.Release|x64.ActiveCfg = Release|Any CPU
		{6ABA7E7C-A8B3-415F-972E-819D38426B8A}.Release|x64.Build.0 = Release|Any CPU
		{6ABA7E7C-A8B3-415F-972E-819D38426B8A}.Release|x86.ActiveCfg = Release|Any CPU
		{6ABA7E7C-A8B3-415F-972E-819D38426B8A}.Release|x86.Build.0 = Release|Any CPU
		{A4D7AA55-6328-4AA3-947B-DDBA66C8BD2F}.Debug|Any CPU.ActiveCfg = Debug|Any CPU
		{A4D7AA55-6328-4AA3-947B-DDBA66C8BD2F}.Debug|Any CPU.Build.0 = Debug|Any CPU
		{A4D7AA55-6328-4AA3-947B-DDBA66C8BD2F}.Debug|x64.ActiveCfg = Debug|Any CPU
		{A4D7AA55-6328-4AA3-947B-DDBA66C8BD2F}.Debug|x64.Build.0 = Debug|Any CPU
		{A4D7AA55-6328-4AA3-947B-DDBA66C8BD2F}.Debug|x86.ActiveCfg = Debug|Any CPU
		{A4D7AA55-6328-4AA3-947B-DDBA66C8BD2F}.Debug|x86.Build.0 = Debug|Any CPU
		{A4D7AA55-6328-4AA3-947B-DDBA66C8BD2F}.Release|Any CPU.ActiveCfg = Release|Any CPU
		{A4D7AA55-6328-4AA3-947B-DDBA66C8BD2F}.Release|Any CPU.Build.0 = Release|Any CPU
		{A4D7AA55-6328-4AA3-947B-DDBA66C8BD2F}.Release|x64.ActiveCfg = Release|Any CPU
		{A4D7AA55-6328-4AA3-947B-DDBA66C8BD2F}.Release|x64.Build.0 = Release|Any CPU
		{A4D7AA55-6328-4AA3-947B-DDBA66C8BD2F}.Release|x86.ActiveCfg = Release|Any CPU
		{A4D7AA55-6328-4AA3-947B-DDBA66C8BD2F}.Release|x86.Build.0 = Release|Any CPU
	EndGlobalSection
	GlobalSection(NestedProjects) = preSolution
		{19029F1F-F25D-4259-B62D-C660E60E3125} = {4C833FC1-5620-48B5-8595-2F9F08039365}
		{6761987A-48EC-4264-A357-C59F4040D2BC} = {7A9A7824-1575-4982-89E3-EA438731A633}
		{91DB7916-1A2F-48DD-80ED-D95B7CA68EB1} = {6761987A-48EC-4264-A357-C59F4040D2BC}
		{4523309E-829C-4636-8C2A-2D470356D838} = {7A9A7824-1575-4982-89E3-EA438731A633}
		{6AB04771-2947-4C0B-A149-C2481CFFE54C} = {4523309E-829C-4636-8C2A-2D470356D838}
		{B6564C49-54DD-4E97-B47E-8FEF943FAAFB} = {4C833FC1-5620-48B5-8595-2F9F08039365}
		{EDBFF3EB-7B65-4E2E-9564-473F8375AC78} = {4E727329-958F-42EE-B252-A709E7445E56}
		{6ABA7E7C-A8B3-415F-972E-819D38426B8A} = {4E727329-958F-42EE-B252-A709E7445E56}
		{A4D7AA55-6328-4AA3-947B-DDBA66C8BD2F} = {55125926-F4B7-4002-8FEB-2B159D42BE2C}
	EndGlobalSection
EndGlobal
